PODS:
  - PXBelowStatusBarView (0.1.0)
  - SPHStringContentFillView (0.2.1)

DEPENDENCIES:
  - PXBelowStatusBarView (from `../`)
  - SPHStringContentFillView

EXTERNAL SOURCES:
  PXBelowStatusBarView:
    :path: "../"

SPEC CHECKSUMS:
  PXBelowStatusBarView: 8ba303cf97144ffd4b0bdc514e3b0e86320b07f2
  SPHStringContentFillView: de99086b815302583ff6d267480f05e7a18972f2

COCOAPODS: 0.39.0.beta.4
